// !$*UTF8*$!
{
	archiveVersion = 1;
	classes = {
	};
	objectVersion = 48;
	objects = {

/* Begin PBXBuildFile section */
		83241906225EC55E00B0DC2C /* CollectionViewCell.swift in Sources */ = {isa = PBXBuildFile; fileRef = 83241905225EC55E00B0DC2C /* CollectionViewCell.swift */; };
		83DBB3CC2256C37900AADCA2 /* AppDelegate.swift in Sources */ = {isa = PBXBuildFile; fileRef = 83DBB3CB2256C37900AADCA2 /* AppDelegate.swift */; };
		83DBB3CE2256C37900AADCA2 /* ViewController.swift in Sources */ = {isa = PBXBuildFile; fileRef = 83DBB3CD2256C37900AADCA2 /* ViewController.swift */; };
		83DBB3D12256C37900AADCA2 /* Main.storyboard in Resources */ = {isa = PBXBuildFile; fileRef = 83DBB3CF2256C37900AADCA2 /* Main.storyboard */; };
		83DBB3D32256C37900AADCA2 /* Assets.xcassets in Resources */ = {isa = PBXBuildFile; fileRef = 83DBB3D22256C37900AADCA2 /* Assets.xcassets */; };
		83DBB3D62256C37900AADCA2 /* LaunchScreen.storyboard in Resources */ = {isa = PBXBuildFile; fileRef = 83DBB3D42256C37900AADCA2 /* LaunchScreen.storyboard */; };
		83DBB3DE2256D0B000AADCA2 /* TableViewCell.swift in Sources */ = {isa = PBXBuildFile; fileRef = 83DBB3DD2256D0B000AADCA2 /* TableViewCell.swift */; };
/* End PBXBuildFile section */

/* Begin PBXFileReference section */
		83241905225EC55E00B0DC2C /* CollectionViewCell.swift */ = {isa = PBXFileReference; lastKnownFileType = sourcecode.swift; path = CollectionViewCell.swift; sourceTree = "<group>"; };
		83DBB3C82256C37900AADCA2 /* Practico Tablas.app */ = {isa = PBXFileReference; explicitFileType = wrapper.application; includeInIndex = 0; path = "Practico Tablas.app"; sourceTree = BUILT_PRODUCTS_DIR; };
		83DBB3CB2256C37900AADCA2 /* AppDelegate.swift */ = {isa = PBXFileReference; lastKnownFileType = sourcecode.swift; path = AppDelegate.swift; sourceTree = "<group>"; };
		83DBB3CD2256C37900AADCA2 /* ViewController.swift */ = {isa = PBXFileReference; lastKnownFileType = sourcecode.swift; path = ViewController.swift; sourceTree = "<group>"; };
		83DBB3D02256C37900AADCA2 /* Base */ = {isa = PBXFileReference; lastKnownFileType = file.storyboard; name = Base; path = Base.lproj/Main.storyboard; sourceTree = "<group>"; };
		83DBB3D22256C37900AADCA2 /* Assets.xcassets */ = {isa = PBXFileReference; lastKnownFileType = folder.assetcatalog; path = Assets.xcassets; sourceTree = "<group>"; };
		83DBB3D52256C37900AADCA2 /* Base */ = {isa = PBXFileReference; lastKnownFileType = file.storyboard; name = Base; path = Base.lproj/LaunchScreen.storyboard; sourceTree = "<group>"; };
		83DBB3D72256C37900AADCA2 /* Info.plist */ = {isa = PBXFileReference; lastKnownFileType = text.plist.xml; path = Info.plist; sourceTree = "<group>"; };
		83DBB3DD2256D0B000AADCA2 /* TableViewCell.swift */ = {isa = PBXFileReference; lastKnownFileType = sourcecode.swift; path = TableViewCell.swift; sourceTree = "<group>"; };
/* End PBXFileReference section */

/* Begin PBXFrameworksBuildPhase section */
		83DBB3C52256C37900AADCA2 /* Frameworks */ = {
			isa = PBXFrameworksBuildPhase;
			buildActionMask = 2147483647;
			files = (
			);
			runOnlyForDeploymentPostprocessing = 0;
		};
/* End PBXFrameworksBuildPhase section */

/* Begin PBXGroup section */
		83DBB3BF2256C37900AADCA2 = {
			isa = PBXGroup;
			children = (
				83DBB3CA2256C37900AADCA2 /* Practico Tablas */,
				83DBB3C92256C37900AADCA2 /* Products */,
			);
			sourceTree = "<group>";
		};
		83DBB3C92256C37900AADCA2 /* Products */ = {
			isa = PBXGroup;
			children = (
				83DBB3C82256C37900AADCA2 /* Practico Tablas.app */,
			);
			name = Products;
			sourceTree = "<group>";
		};
		83DBB3CA2256C37900AADCA2 /* Practico Tablas */ = {
			isa = PBXGroup;
			children = (
				83DBB3CB2256C37900AADCA2 /* AppDelegate.swift */,
				83DBB3CD2256C37900AADCA2 /* ViewController.swift */,
				83241905225EC55E00B0DC2C /* CollectionViewCell.swift */,
				83DBB3CF2256C37900AADCA2 /* Main.storyboard */,
				83DBB3D22256C37900AADCA2 /* Assets.xcassets */,
				83DBB3D42256C37900AADCA2 /* LaunchScreen.storyboard */,
				83DBB3D72256C37900AADCA2 /* Info.plist */,
				83DBB3DD2256D0B000AADCA2 /* TableViewCell.swift */,
			);
			path = "Practico Tablas";
			sourceTree = "<group>";
		};
/* End PBXGroup section */

/* Begin PBXNativeTarget section */
		83DBB3C72256C37900AADCA2 /* Practico Tablas */ = {
			isa = PBXNativeTarget;
			buildConfigurationList = 83DBB3DA2256C37900AADCA2 /* Build configuration list for PBXNativeTarget "Practico Tablas" */;
			buildPhases = (
				83DBB3C42256C37900AADCA2 /* Sources */,
				83DBB3C52256C37900AADCA2 /* Frameworks */,
				83DBB3C62256C37900AADCA2 /* Resources */,
			);
			buildRules = (
			);
			dependencies = (
			);
			name = "Practico Tablas";
			productName = "Practico Tablas";
			productReference = 83DBB3C82256C37900AADCA2 /* Practico Tablas.app */;
			productType = "com.apple.product-type.application";
		};
/* End PBXNativeTarget section */

/* Begin PBXProject section */
		83DBB3C02256C37900AADCA2 /* Project object */ = {
			isa = PBXProject;
			attributes = {
				LastSwiftUpdateCheck = 0920;
				LastUpgradeCheck = 0920;
				ORGANIZATIONNAME = UCUDAL;
				TargetAttributes = {
					83DBB3C72256C37900AADCA2 = {
						CreatedOnToolsVersion = 9.2;
						ProvisioningStyle = Automatic;
					};
				};
			};
			buildConfigurationList = 83DBB3C32256C37900AADCA2 /* Build configuration list for PBXProject "Practico Tablas" */;
			compatibilityVersion = "Xcode 8.0";
			developmentRegion = en;
			hasScannedForEncodings = 0;
			knownRegions = (
				en,
				Base,
			);
			mainGroup = 83DBB3BF2256C37900AADCA2;
			productRefGroup = 83DBB3C92256C37900AADCA2 /* Products */;
			projectDirPath = "";
			projectRoot = "";
			targets = (
				83DBB3C72256C37900AADCA2 /* Practico Tablas */,
			);
		};
/* End PBXProject section */

/* Begin PBXResourcesBuildPhase section */
		83DBB3C62256C37900AADCA2 /* Resources */ = {
			isa = PBXResourcesBuildPhase;
			buildActionMask = 2147483647;
			files = (
				83DBB3D62256C37900AADCA2 /* LaunchScreen.storyboard in Resources */,
				83DBB3D32256C37900AADCA2 /* Assets.xcassets in Resources */,
				83DBB3D12256C37900AADCA2 /* Main.storyboard in Resources */,
			);
			runOnlyForDeploymentPostprocessing = 0;
		};
/* End PBXResourcesBuildPhase section */

/* Begin PBXSourcesBuildPhase section */
		83DBB3C42256C37900AADCA2 /* Sources */ = {
			isa = PBXSourcesBuildPhase;
			buildActionMask = 2147483647;
			files = (
				83DBB3DE2256D0B000AADCA2 /* TableViewCell.swift in Sources */,
				83DBB3CE2256C37900AADCA2 /* ViewController.swift in Sources */,
				83241906225EC55E00B0DC2C /* CollectionViewCell.swift in Sources */,
				83DBB3CC2256C37900AADCA2 /* AppDelegate.swift in Sources */,
			);
			runOnlyForDeploymentPostprocessing = 0;
		};
/* End PBXSourcesBuildPhase section */

/* Begin PBXVariantGroup section */
		83DBB3CF2256C37900AADCA2 /* Main.storyboard */ = {
			isa = PBXVariantGroup;
			children = (
				83DBB3D02256C37900AADCA2 /* Base */,
			);
			name = Main.storyboard;
			sourceTree = "<group>";
		};
		83DBB3D42256C37900AADCA2 /* LaunchScreen.storyboard */ = {
			isa = PBXVariantGroup;
			children = (
				83DBB3D52256C37900AADCA2 /* Base */,
			);
			name = LaunchScreen.storyboard;
			sourceTree = "<group>";
		};
/* End PBXVariantGroup section */

/* Begin XCBuildConfiguration section */
		83DBB3D82256C37900AADCA2 /* Debug */ = {
			isa = XCBuildConfiguration;
			buildSettings = {
				ALWAYS_SEARCH_USER_PATHS = NO;
				CLANG_ANALYZER_NONNULL = YES;
				CLANG_ANALYZER_NUMBER_OBJECT_CONVERSION = YES_AGGRESSIVE;
				CLANG_CXX_LANGUAGE_STANDARD = "gnu++14";
				CLANG_CXX_LIBRARY = "libc++";
				CLANG_ENABLE_MODULES = YES;
				CLANG_ENABLE_OBJC_ARC = YES;
				CLANG_WARN_BLOCK_CAPTURE_AUTORELEASING = YES;
				CLANG_WARN_BOOL_CONVERSION = YES;
				CLANG_WARN_COMMA = YES;
				CLANG_WARN_CONSTANT_CONVERSION = YES;
				CLANG_WARN_DIRECT_OBJC_ISA_USAGE = YES_ERROR;
				CLANG_WARN_DOCUMENTATION_COMMENTS = YES;
				CLANG_WARN_EMPTY_BODY = YES;
				CLANG_WARN_ENUM_CONVERSION = YES;
				CLANG_WARN_INFINITE_RECURSION = YES;
				CLANG_WARN_INT_CONVERSION = YES;
				CLANG_WARN_NON_LITERAL_NULL_CONVERSION = YES;
				CLANG_WARN_OBJC_LITERAL_CONVERSION = YES;
				CLANG_WARN_OBJC_ROOT_CLASS = YES_ERROR;
				CLANG_WARN_RANGE_LOOP_ANALYSIS = YES;
				CLANG_WARN_STRICT_PROTOTYPES = YES;
				CLANG_WARN_SUSPICIOUS_MOVE = YES;
				CLANG_WARN_UNGUARDED_AVAILABILITY = YES_AGGRESSIVE;
				CLANG_WARN_UNREACHABLE_CODE = YES;
				CLANG_WARN__DUPLICATE_METHOD_MATCH = YES;
				CODE_SIGN_IDENTITY = "iPhone Developer";
				COPY_PHASE_STRIP = NO;
				DEBUG_INFORMATION_FORMAT = dwarf;
				ENABLE_STRICT_OBJC_MSGSEND = YES;
				ENABLE_TESTABILITY = YES;
				GCC_C_LANGUAGE_STANDARD = gnu11;
				GCC_DYNAMIC_NO_PIC = NO;
				GCC_NO_COMMON_BLOCKS = YES;
				GCC_OPTIMIZATION_LEVEL = 0;
				GCC_PREPROCESSOR_DEFINITIONS = (
					"DEBUG=1",
					"$(inherited)",
				);
				GCC_WARN_64_TO_32_BIT_CONVERSION = YES;
				GCC_WARN_ABOUT_RETURN_TYPE = YES_ERROR;
				GCC_WARN_UNDECLARED_SELECTOR = YES;
				GCC_WARN_UNINITIALIZED_AUTOS = YES_AGGRESSIVE;
				GCC_WARN_UNUSED_FUNCTION = YES;
				GCC_WARN_UNUSED_VARIABLE = YES;
				IPHONEOS_DEPLOYMENT_TARGET = 11.2;
				MTL_ENABLE_DEBUG_INFO = YES;
				ONLY_ACTIVE_ARCH = YES;
				SDKROOT = iphoneos;
				SWIFT_ACTIVE_COMPILATION_CONDITIONS = DEBUG;
				SWIFT_OPTIMIZATION_LEVEL = "-Onone";
			};
			name = Debug;
		};
		83DBB3D92256C37900AADCA2 /* Release */ = {
			isa = XCBuildConfiguration;
			buildSettings = {
				ALWAYS_SEARCH_USER_PATHS = NO;
				CLANG_ANALYZER_NONNULL = YES;
				CLANG_ANALYZER_NUMBER_OBJECT_CONVERSION = YES_AGGRESSIVE;
				CLANG_CXX_LANGUAGE_STANDARD = "gnu++14";
				CLANG_CXX_LIBRARY = "libc++";
				CLANG_ENABLE_MODULES = YES;
				CLANG_ENABLE_OBJC_ARC = YES;
				CLANG_WARN_BLOCK_CAPTURE_AUTORELEASING = YES;
				CLANG_WARN_BOOL_CONVERSION = YES;
				CLANG_WARN_COMMA = YES;
				CLANG_WARN_CONSTANT_CONVERSION = YES;
				CLANG_WARN_DIRECT_OBJC_ISA_USAGE = YES_ERROR;
				CLANG_WARN_DOCUMENTATION_COMMENTS = YES;
				CLANG_WARN_EMPTY_BODY = YES;
				CLANG_WARN_ENUM_CONVERSION = YES;
				CLANG_WARN_INFINITE_RECURSION = YES;
				CLANG_WARN_INT_CONVERSION = YES;
				CLANG_WARN_NON_LITERAL_NULL_CONVERSION = YES;
				CLANG_WARN_OBJC_LITERAL_CONVERSION = YES;
				CLANG_WARN_OBJC_ROOT_CLASS = YES_ERROR;
				CLANG_WARN_RANGE_LOOP_ANALYSIS = YES;
				CLANG_WARN_STRICT_PROTOTYPES = YES;
				CLANG_WARN_SUSPICIOUS_MOVE = YES;
				CLANG_WARN_UNGUARDED_AVAILABILITY = YES_AGGRESSIVE;
				CLANG_WARN_UNREACHABLE_CODE = YES;
				CLANG_WARN__DUPLICATE_METHOD_MATCH = YES;
				CODE_SIGN_IDENTITY = "iPhone Developer";
				COPY_PHASE_STRIP = NO;
				DEBUG_INFORMATION_FORMAT = "dwarf-with-dsym";
				ENABLE_NS_ASSERTIONS = NO;
				ENABLE_STRICT_OBJC_MSGSEND = YES;
				GCC_C_LANGUAGE_STANDARD = gnu11;
				GCC_NO_COMMON_BLOCKS = YES;
				GCC_WARN_64_TO_32_BIT_CONVERSION = YES;
				GCC_WARN_ABOUT_RETURN_TYPE = YES_ERROR;
				GCC_WARN_UNDECLARED_SELECTOR = YES;
				GCC_WARN_UNINITIALIZED_AUTOS = YES_AGGRESSIVE;
				GCC_WARN_UNUSED_FUNCTION = YES;
				GCC_WARN_UNUSED_VARIABLE = YES;
				IPHONEOS_DEPLOYMENT_TARGET = 11.2;
				MTL_ENABLE_DEBUG_INFO = NO;
				SDKROOT = iphoneos;
				SWIFT_OPTIMIZATION_LEVEL = "-Owholemodule";
				VALIDATE_PRODUCT = YES;
			};
			name = Release;
		};
		83DBB3DB2256C37900AADCA2 /* Debug */ = {
			isa = XCBuildConfiguration;
			buildSettings = {
				ASSETCATALOG_COMPILER_APPICON_NAME = AppIcon;
				CODE_SIGN_STYLE = Automatic;
				INFOPLIST_FILE = "Practico Tablas/Info.plist";
				LD_RUNPATH_SEARCH_PATHS = "$(inherited) @executable_path/Frameworks";
				PRODUCT_BUNDLE_IDENTIFIER = "hd.Practico-Tablas";
				PRODUCT_NAME = "$(TARGET_NAME)";
				SWIFT_VERSION = 4.0;
				TARGETED_DEVICE_FAMILY = "1,2";
			};
			name = Debug;
		};
		83DBB3DC2256C37900AADCA2 /* Release */ = {
			isa = XCBuildConfiguration;
			buildSettings = {
				ASSETCATALOG_COMPILER_APPICON_NAME = AppIcon;
				CODE_SIGN_STYLE = Automatic;
				INFOPLIST_FILE = "Practico Tablas/Info.plist";
				LD_RUNPATH_SEARCH_PATHS = "$(inherited) @executable_path/Frameworks";
				PRODUCT_BUNDLE_IDENTIFIER = "hd.Practico-Tablas";
				PRODUCT_NAME = "$(TARGET_NAME)";
				SWIFT_VERSION = 4.0;
				TARGETED_DEVICE_FAMILY = "1,2";
			};
			name = Release;
		};
/* End XCBuildConfiguration section */

/* Begin XCConfigurationList section */
		83DBB3C32256C37900AADCA2 /* Build configuration list for PBXProject "Practico Tablas" */ = {
			isa = XCConfigurationList;
			buildConfigurations = (
				83DBB3D82256C37900AADCA2 /* Debug */,
				83DBB3D92256C37900AADCA2 /* Release */,
			);
			defaultConfigurationIsVisible = 0;
			defaultConfigurationName = Release;
		};
		83DBB3DA2256C37900AADCA2 /* Build configuration list for PBXNativeTarget "Practico Tablas" */ = {
			isa = XCConfigurationList;
			buildConfigurations = (
				83DBB3DB2256C37900AADCA2 /* Debug */,
				83DBB3DC2256C37900AADCA2 /* Release */,
			);
			defaultConfigurationIsVisible = 0;
			defaultConfigurationName = Release;
		};
/* End XCConfigurationList section */
	};
	rootObject = 83DBB3C02256C37900AADCA2 /* Project object */;
}
